// !$*UTF8*$!
{
	archiveVersion = 1;
	classes = {
	};
	objectVersion = 56;
	objects = {

/* Begin PBXBuildFile section */
		179F60B62C9DA12E00BC771D /* PhraseOfTheDayApp.swift in Sources */ = {isa = PBXBuildFile; fileRef = 179F60B52C9DA12E00BC771D /* PhraseOfTheDayApp.swift */; };
		179F60B82C9DA12E00BC771D /* ContentView.swift in Sources */ = {isa = PBXBuildFile; fileRef = 179F60B72C9DA12E00BC771D /* ContentView.swift */; };
		179F60BA2C9DA12F00BC771D /* Assets.xcassets in Resources */ = {isa = PBXBuildFile; fileRef = 179F60B92C9DA12F00BC771D /* Assets.xcassets */; };
		179F60BE2C9DA12F00BC771D /* Preview Assets.xcassets in Resources */ = {isa = PBXBuildFile; fileRef = 179F60BD2C9DA12F00BC771D /* Preview Assets.xcassets */; };
		179F60C82C9DA12F00BC771D /* PhraseOfTheDayTests.swift in Sources */ = {isa = PBXBuildFile; fileRef = 179F60C72C9DA12F00BC771D /* PhraseOfTheDayTests.swift */; };
		179F60D22C9DA12F00BC771D /* PhraseOfTheDayUITests.swift in Sources */ = {isa = PBXBuildFile; fileRef = 179F60D12C9DA12F00BC771D /* PhraseOfTheDayUITests.swift */; };
		179F60D42C9DA12F00BC771D /* PhraseOfTheDayUITestsLaunchTests.swift in Sources */ = {isa = PBXBuildFile; fileRef = 179F60D32C9DA12F00BC771D /* PhraseOfTheDayUITestsLaunchTests.swift */; };
/* End PBXBuildFile section */

/* Begin PBXContainerItemProxy section */
		179F60C42C9DA12F00BC771D /* PBXContainerItemProxy */ = {
			isa = PBXContainerItemProxy;
			containerPortal = 179F60AA2C9DA12E00BC771D /* Project object */;
			proxyType = 1;
			remoteGlobalIDString = 179F60B12C9DA12E00BC771D;
			remoteInfo = PhraseOfTheDay;
		};
		179F60CE2C9DA12F00BC771D /* PBXContainerItemProxy */ = {
			isa = PBXContainerItemProxy;
			containerPortal = 179F60AA2C9DA12E00BC771D /* Project object */;
			proxyType = 1;
			remoteGlobalIDString = 179F60B12C9DA12E00BC771D;
			remoteInfo = PhraseOfTheDay;
		};
/* End PBXContainerItemProxy section */

/* Begin PBXFileReference section */
		179F60B22C9DA12E00BC771D /* PhraseOfTheDay.app */ = {isa = PBXFileReference; explicitFileType = wrapper.application; includeInIndex = 0; path = PhraseOfTheDay.app; sourceTree = BUILT_PRODUCTS_DIR; };
		179F60B52C9DA12E00BC771D /* PhraseOfTheDayApp.swift */ = {isa = PBXFileReference; lastKnownFileType = sourcecode.swift; path = PhraseOfTheDayApp.swift; sourceTree = "<group>"; };
		179F60B72C9DA12E00BC771D /* ContentView.swift */ = {isa = PBXFileReference; lastKnownFileType = sourcecode.swift; path = ContentView.swift; sourceTree = "<group>"; };
		179F60B92C9DA12F00BC771D /* Assets.xcassets */ = {isa = PBXFileReference; lastKnownFileType = folder.assetcatalog; path = Assets.xcassets; sourceTree = "<group>"; };
		179F60BB2C9DA12F00BC771D /* PhraseOfTheDay.entitlements */ = {isa = PBXFileReference; lastKnownFileType = text.plist.entitlements; path = PhraseOfTheDay.entitlements; sourceTree = "<group>"; };
		179F60BD2C9DA12F00BC771D /* Preview Assets.xcassets */ = {isa = PBXFileReference; lastKnownFileType = folder.assetcatalog; path = "Preview Assets.xcassets"; sourceTree = "<group>"; };
		179F60C32C9DA12F00BC771D /* PhraseOfTheDayTests.xctest */ = {isa = PBXFileReference; explicitFileType = wrapper.cfbundle; includeInIndex = 0; path = PhraseOfTheDayTests.xctest; sourceTree = BUILT_PRODUCTS_DIR; };
		179F60C72C9DA12F00BC771D /* PhraseOfTheDayTests.swift */ = {isa = PBXFileReference; lastKnownFileType = sourcecode.swift; path = PhraseOfTheDayTests.swift; sourceTree = "<group>"; };
		179F60CD2C9DA12F00BC771D /* PhraseOfTheDayUITests.xctest */ = {isa = PBXFileReference; explicitFileType = wrapper.cfbundle; includeInIndex = 0; path = PhraseOfTheDayUITests.xctest; sourceTree = BUILT_PRODUCTS_DIR; };
		179F60D12C9DA12F00BC771D /* PhraseOfTheDayUITests.swift */ = {isa = PBXFileReference; lastKnownFileType = sourcecode.swift; path = PhraseOfTheDayUITests.swift; sourceTree = "<group>"; };
		179F60D32C9DA12F00BC771D /* PhraseOfTheDayUITestsLaunchTests.swift */ = {isa = PBXFileReference; lastKnownFileType = sourcecode.swift; path = PhraseOfTheDayUITestsLaunchTests.swift; sourceTree = "<group>"; };
		179F60E02CAA1E3200BC771D /* Info.plist */ = {isa = PBXFileReference; lastKnownFileType = text.plist.xml; path = Info.plist; sourceTree = "<group>"; };
/* End PBXFileReference section */

/* Begin PBXFrameworksBuildPhase section */
		179F60AF2C9DA12E00BC771D /* Frameworks */ = {
			isa = PBXFrameworksBuildPhase;
			buildActionMask = 2147483647;
			files = (
			);
			runOnlyForDeploymentPostprocessing = 0;
		};
		179F60C02C9DA12F00BC771D /* Frameworks */ = {
			isa = PBXFrameworksBuildPhase;
			buildActionMask = 2147483647;
			files = (
			);
			runOnlyForDeploymentPostprocessing = 0;
		};
		179F60CA2C9DA12F00BC771D /* Frameworks */ = {
			isa = PBXFrameworksBuildPhase;
			buildActionMask = 2147483647;
			files = (
			);
			runOnlyForDeploymentPostprocessing = 0;
		};
/* End PBXFrameworksBuildPhase section */

/* Begin PBXGroup section */
		179F60A92C9DA12E00BC771D = {
			isa = PBXGroup;
			children = (
				179F60E02CAA1E3200BC771D /* Info.plist */,
				179F60B42C9DA12E00BC771D /* PhraseOfTheDay */,
				179F60C62C9DA12F00BC771D /* PhraseOfTheDayTests */,
				179F60D02C9DA12F00BC771D /* PhraseOfTheDayUITests */,
				179F60B32C9DA12E00BC771D /* Products */,
			);
			sourceTree = "<group>";
		};
		179F60B32C9DA12E00BC771D /* Products */ = {
			isa = PBXGroup;
			children = (
				179F60B22C9DA12E00BC771D /* PhraseOfTheDay.app */,
				179F60C32C9DA12F00BC771D /* PhraseOfTheDayTests.xctest */,
				179F60CD2C9DA12F00BC771D /* PhraseOfTheDayUITests.xctest */,
			);
			name = Products;
			sourceTree = "<group>";
		};
		179F60B42C9DA12E00BC771D /* PhraseOfTheDay */ = {
			isa = PBXGroup;
			children = (
				179F60B52C9DA12E00BC771D /* PhraseOfTheDayApp.swift */,
				179F60B72C9DA12E00BC771D /* ContentView.swift */,
				179F60B92C9DA12F00BC771D /* Assets.xcassets */,
				179F60BB2C9DA12F00BC771D /* PhraseOfTheDay.entitlements */,
				179F60BC2C9DA12F00BC771D /* Preview Content */,
			);
			path = PhraseOfTheDay;
			sourceTree = "<group>";
		};
		179F60BC2C9DA12F00BC771D /* Preview Content */ = {
			isa = PBXGroup;
			children = (
				179F60BD2C9DA12F00BC771D /* Preview Assets.xcassets */,
			);
			path = "Preview Content";
			sourceTree = "<group>";
		};
		179F60C62C9DA12F00BC771D /* PhraseOfTheDayTests */ = {
			isa = PBXGroup;
			children = (
				179F60C72C9DA12F00BC771D /* PhraseOfTheDayTests.swift */,
			);
			path = PhraseOfTheDayTests;
			sourceTree = "<group>";
		};
		179F60D02C9DA12F00BC771D /* PhraseOfTheDayUITests */ = {
			isa = PBXGroup;
			children = (
				179F60D12C9DA12F00BC771D /* PhraseOfTheDayUITests.swift */,
				179F60D32C9DA12F00BC771D /* PhraseOfTheDayUITestsLaunchTests.swift */,
			);
			path = PhraseOfTheDayUITests;
			sourceTree = "<group>";
		};
/* End PBXGroup section */

/* Begin PBXNativeTarget section */
		179F60B12C9DA12E00BC771D /* PhraseOfTheDay */ = {
			isa = PBXNativeTarget;
			buildConfigurationList = 179F60D72C9DA12F00BC771D /* Build configuration list for PBXNativeTarget "PhraseOfTheDay" */;
			buildPhases = (
				179F60AE2C9DA12E00BC771D /* Sources */,
				179F60AF2C9DA12E00BC771D /* Frameworks */,
				179F60B02C9DA12E00BC771D /* Resources */,
			);
			buildRules = (
			);
			dependencies = (
			);
			name = PhraseOfTheDay;
			productName = PhraseOfTheDay;
			productReference = 179F60B22C9DA12E00BC771D /* PhraseOfTheDay.app */;
			productType = "com.apple.product-type.application";
		};
		179F60C22C9DA12F00BC771D /* PhraseOfTheDayTests */ = {
			isa = PBXNativeTarget;
			buildConfigurationList = 179F60DA2C9DA12F00BC771D /* Build configuration list for PBXNativeTarget "PhraseOfTheDayTests" */;
			buildPhases = (
				179F60BF2C9DA12F00BC771D /* Sources */,
				179F60C02C9DA12F00BC771D /* Frameworks */,
				179F60C12C9DA12F00BC771D /* Resources */,
			);
			buildRules = (
			);
			dependencies = (
				179F60C52C9DA12F00BC771D /* PBXTargetDependency */,
			);
			name = PhraseOfTheDayTests;
			productName = PhraseOfTheDayTests;
			productReference = 179F60C32C9DA12F00BC771D /* PhraseOfTheDayTests.xctest */;
			productType = "com.apple.product-type.bundle.unit-test";
		};
		179F60CC2C9DA12F00BC771D /* PhraseOfTheDayUITests */ = {
			isa = PBXNativeTarget;
			buildConfigurationList = 179F60DD2C9DA12F00BC771D /* Build configuration list for PBXNativeTarget "PhraseOfTheDayUITests" */;
			buildPhases = (
				179F60C92C9DA12F00BC771D /* Sources */,
				179F60CA2C9DA12F00BC771D /* Frameworks */,
				179F60CB2C9DA12F00BC771D /* Resources */,
			);
			buildRules = (
			);
			dependencies = (
				179F60CF2C9DA12F00BC771D /* PBXTargetDependency */,
			);
			name = PhraseOfTheDayUITests;
			productName = PhraseOfTheDayUITests;
			productReference = 179F60CD2C9DA12F00BC771D /* PhraseOfTheDayUITests.xctest */;
			productType = "com.apple.product-type.bundle.ui-testing";
		};
/* End PBXNativeTarget section */

/* Begin PBXProject section */
		179F60AA2C9DA12E00BC771D /* Project object */ = {
			isa = PBXProject;
			attributes = {
				BuildIndependentTargetsInParallel = 1;
				LastSwiftUpdateCheck = 1530;
				LastUpgradeCheck = 1530;
				TargetAttributes = {
					179F60B12C9DA12E00BC771D = {
						CreatedOnToolsVersion = 15.3;
					};
					179F60C22C9DA12F00BC771D = {
						CreatedOnToolsVersion = 15.3;
						TestTargetID = 179F60B12C9DA12E00BC771D;
					};
					179F60CC2C9DA12F00BC771D = {
						CreatedOnToolsVersion = 15.3;
						TestTargetID = 179F60B12C9DA12E00BC771D;
					};
				};
			};
			buildConfigurationList = 179F60AD2C9DA12E00BC771D /* Build configuration list for PBXProject "PhraseOfTheDay" */;
			compatibilityVersion = "Xcode 14.0";
			developmentRegion = en;
			hasScannedForEncodings = 0;
			knownRegions = (
				en,
				Base,
			);
			mainGroup = 179F60A92C9DA12E00BC771D;
			productRefGroup = 179F60B32C9DA12E00BC771D /* Products */;
			projectDirPath = "";
			projectRoot = "";
			targets = (
				179F60B12C9DA12E00BC771D /* PhraseOfTheDay */,
				179F60C22C9DA12F00BC771D /* PhraseOfTheDayTests */,
				179F60CC2C9DA12F00BC771D /* PhraseOfTheDayUITests */,
			);
		};
/* End PBXProject section */

/* Begin PBXResourcesBuildPhase section */
		179F60B02C9DA12E00BC771D /* Resources */ = {
			isa = PBXResourcesBuildPhase;
			buildActionMask = 2147483647;
			files = (
				179F60BE2C9DA12F00BC771D /* Preview Assets.xcassets in Resources */,
				179F60BA2C9DA12F00BC771D /* Assets.xcassets in Resources */,
			);
			runOnlyForDeploymentPostprocessing = 0;
		};
		179F60C12C9DA12F00BC771D /* Resources */ = {
			isa = PBXResourcesBuildPhase;
			buildActionMask = 2147483647;
			files = (
			);
			runOnlyForDeploymentPostprocessing = 0;
		};
		179F60CB2C9DA12F00BC771D /* Resources */ = {
			isa = PBXResourcesBuildPhase;
			buildActionMask = 2147483647;
			files = (
			);
			runOnlyForDeploymentPostprocessing = 0;
		};
/* End PBXResourcesBuildPhase section */

/* Begin PBXSourcesBuildPhase section */
		179F60AE2C9DA12E00BC771D /* Sources */ = {
			isa = PBXSourcesBuildPhase;
			buildActionMask = 2147483647;
			files = (
				179F60B82C9DA12E00BC771D /* ContentView.swift in Sources */,
				179F60B62C9DA12E00BC771D /* PhraseOfTheDayApp.swift in Sources */,
			);
			runOnlyForDeploymentPostprocessing = 0;
		};
		179F60BF2C9DA12F00BC771D /* Sources */ = {
			isa = PBXSourcesBuildPhase;
			buildActionMask = 2147483647;
			files = (
				179F60C82C9DA12F00BC771D /* PhraseOfTheDayTests.swift in Sources */,
			);
			runOnlyForDeploymentPostprocessing = 0;
		};
		179F60C92C9DA12F00BC771D /* Sources */ = {
			isa = PBXSourcesBuildPhase;
			buildActionMask = 2147483647;
			files = (
				179F60D22C9DA12F00BC771D /* PhraseOfTheDayUITests.swift in Sources */,
				179F60D42C9DA12F00BC771D /* PhraseOfTheDayUITestsLaunchTests.swift in Sources */,
			);
			runOnlyForDeploymentPostprocessing = 0;
		};
/* End PBXSourcesBuildPhase section */

/* Begin PBXTargetDependency section */
		179F60C52C9DA12F00BC771D /* PBXTargetDependency */ = {
			isa = PBXTargetDependency;
			target = 179F60B12C9DA12E00BC771D /* PhraseOfTheDay */;
			targetProxy = 179F60C42C9DA12F00BC771D /* PBXContainerItemProxy */;
		};
		179F60CF2C9DA12F00BC771D /* PBXTargetDependency */ = {
			isa = PBXTargetDependency;
			target = 179F60B12C9DA12E00BC771D /* PhraseOfTheDay */;
			targetProxy = 179F60CE2C9DA12F00BC771D /* PBXContainerItemProxy */;
		};
/* End PBXTargetDependency section */

/* Begin XCBuildConfiguration section */
		179F60D52C9DA12F00BC771D /* Debug */ = {
			isa = XCBuildConfiguration;
			buildSettings = {
				ALWAYS_SEARCH_USER_PATHS = NO;
				ASSETCATALOG_COMPILER_GENERATE_SWIFT_ASSET_SYMBOL_EXTENSIONS = YES;
				CLANG_ANALYZER_NONNULL = YES;
				CLANG_ANALYZER_NUMBER_OBJECT_CONVERSION = YES_AGGRESSIVE;
				CLANG_CXX_LANGUAGE_STANDARD = "gnu++20";
				CLANG_ENABLE_MODULES = YES;
				CLANG_ENABLE_OBJC_ARC = YES;
				CLANG_ENABLE_OBJC_WEAK = YES;
				CLANG_WARN_BLOCK_CAPTURE_AUTORELEASING = YES;
				CLANG_WARN_BOOL_CONVERSION = YES;
				CLANG_WARN_COMMA = YES;
				CLANG_WARN_CONSTANT_CONVERSION = YES;
				CLANG_WARN_DEPRECATED_OBJC_IMPLEMENTATIONS = YES;
				CLANG_WARN_DIRECT_OBJC_ISA_USAGE = YES_ERROR;
				CLANG_WARN_DOCUMENTATION_COMMENTS = YES;
				CLANG_WARN_EMPTY_BODY = YES;
				CLANG_WARN_ENUM_CONVERSION = YES;
				CLANG_WARN_INFINITE_RECURSION = YES;
				CLANG_WARN_INT_CONVERSION = YES;
				CLANG_WARN_NON_LITERAL_NULL_CONVERSION = YES;
				CLANG_WARN_OBJC_IMPLICIT_RETAIN_SELF = YES;
				CLANG_WARN_OBJC_LITERAL_CONVERSION = YES;
				CLANG_WARN_OBJC_ROOT_CLASS = YES_ERROR;
				CLANG_WARN_QUOTED_INCLUDE_IN_FRAMEWORK_HEADER = YES;
				CLANG_WARN_RANGE_LOOP_ANALYSIS = YES;
				CLANG_WARN_STRICT_PROTOTYPES = YES;
				CLANG_WARN_SUSPICIOUS_MOVE = YES;
				CLANG_WARN_UNGUARDED_AVAILABILITY = YES_AGGRESSIVE;
				CLANG_WARN_UNREACHABLE_CODE = YES;
				CLANG_WARN__DUPLICATE_METHOD_MATCH = YES;
				COPY_PHASE_STRIP = NO;
				DEBUG_INFORMATION_FORMAT = dwarf;
				ENABLE_STRICT_OBJC_MSGSEND = YES;
				ENABLE_TESTABILITY = YES;
				ENABLE_USER_SCRIPT_SANDBOXING = YES;
				GCC_C_LANGUAGE_STANDARD = gnu17;
				GCC_DYNAMIC_NO_PIC = NO;
				GCC_NO_COMMON_BLOCKS = YES;
				GCC_OPTIMIZATION_LEVEL = 0;
				GCC_PREPROCESSOR_DEFINITIONS = (
					"DEBUG=1",
					"$(inherited)",
				);
				GCC_WARN_64_TO_32_BIT_CONVERSION = YES;
				GCC_WARN_ABOUT_RETURN_TYPE = YES_ERROR;
				GCC_WARN_UNDECLARED_SELECTOR = YES;
				GCC_WARN_UNINITIALIZED_AUTOS = YES_AGGRESSIVE;
				GCC_WARN_UNUSED_FUNCTION = YES;
				GCC_WARN_UNUSED_VARIABLE = YES;
				LOCALIZATION_PREFERS_STRING_CATALOGS = YES;
				MTL_ENABLE_DEBUG_INFO = INCLUDE_SOURCE;
				MTL_FAST_MATH = YES;
				ONLY_ACTIVE_ARCH = YES;
				SWIFT_ACTIVE_COMPILATION_CONDITIONS = "DEBUG $(inherited)";
				SWIFT_OPTIMIZATION_LEVEL = "-Onone";
			};
			name = Debug;
		};
		179F60D62C9DA12F00BC771D /* Release */ = {
			isa = XCBuildConfiguration;
			buildSettings = {
				ALWAYS_SEARCH_USER_PATHS = NO;
				ASSETCATALOG_COMPILER_GENERATE_SWIFT_ASSET_SYMBOL_EXTENSIONS = YES;
				CLANG_ANALYZER_NONNULL = YES;
				CLANG_ANALYZER_NUMBER_OBJECT_CONVERSION = YES_AGGRESSIVE;
				CLANG_CXX_LANGUAGE_STANDARD = "gnu++20";
				CLANG_ENABLE_MODULES = YES;
				CLANG_ENABLE_OBJC_ARC = YES;
				CLANG_ENABLE_OBJC_WEAK = YES;
				CLANG_WARN_BLOCK_CAPTURE_AUTORELEASING = YES;
				CLANG_WARN_BOOL_CONVERSION = YES;
				CLANG_WARN_COMMA = YES;
				CLANG_WARN_CONSTANT_CONVERSION = YES;
				CLANG_WARN_DEPRECATED_OBJC_IMPLEMENTATIONS = YES;
				CLANG_WARN_DIRECT_OBJC_ISA_USAGE = YES_ERROR;
				CLANG_WARN_DOCUMENTATION_COMMENTS = YES;
				CLANG_WARN_EMPTY_BODY = YES;
				CLANG_WARN_ENUM_CONVERSION = YES;
				CLANG_WARN_INFINITE_RECURSION = YES;
				CLANG_WARN_INT_CONVERSION = YES;
				CLANG_WARN_NON_LITERAL_NULL_CONVERSION = YES;
				CLANG_WARN_OBJC_IMPLICIT_RETAIN_SELF = YES;
				CLANG_WARN_OBJC_LITERAL_CONVERSION = YES;
				CLANG_WARN_OBJC_ROOT_CLASS = YES_ERROR;
				CLANG_WARN_QUOTED_INCLUDE_IN_FRAMEWORK_HEADER = YES;
				CLANG_WARN_RANGE_LOOP_ANALYSIS = YES;
				CLANG_WARN_STRICT_PROTOTYPES = YES;
				CLANG_WARN_SUSPICIOUS_MOVE = YES;
				CLANG_WARN_UNGUARDED_AVAILABILITY = YES_AGGRESSIVE;
				CLANG_WARN_UNREACHABLE_CODE = YES;
				CLANG_WARN__DUPLICATE_METHOD_MATCH = YES;
				COPY_PHASE_STRIP = NO;
				DEBUG_INFORMATION_FORMAT = "dwarf-with-dsym";
				ENABLE_NS_ASSERTIONS = NO;
				ENABLE_STRICT_OBJC_MSGSEND = YES;
				ENABLE_USER_SCRIPT_SANDBOXING = YES;
				GCC_C_LANGUAGE_STANDARD = gnu17;
				GCC_NO_COMMON_BLOCKS = YES;
				GCC_WARN_64_TO_32_BIT_CONVERSION = YES;
				GCC_WARN_ABOUT_RETURN_TYPE = YES_ERROR;
				GCC_WARN_UNDECLARED_SELECTOR = YES;
				GCC_WARN_UNINITIALIZED_AUTOS = YES_AGGRESSIVE;
				GCC_WARN_UNUSED_FUNCTION = YES;
				GCC_WARN_UNUSED_VARIABLE = YES;
				LOCALIZATION_PREFERS_STRING_CATALOGS = YES;
				MTL_ENABLE_DEBUG_INFO = NO;
				MTL_FAST_MATH = YES;
				SWIFT_COMPILATION_MODE = wholemodule;
			};
			name = Release;
		};
		179F60D82C9DA12F00BC771D /* Debug */ = {
			isa = XCBuildConfiguration;
			buildSettings = {
				ASSETCATALOG_COMPILER_APPICON_NAME = AppIcon;
				ASSETCATALOG_COMPILER_GLOBAL_ACCENT_COLOR_NAME = AccentColor;
				CODE_SIGN_ENTITLEMENTS = PhraseOfTheDay/PhraseOfTheDay.entitlements;
				CODE_SIGN_STYLE = Automatic;
				CURRENT_PROJECT_VERSION = 1;
				DEVELOPMENT_ASSET_PATHS = "\"PhraseOfTheDay/Preview Content\"";
				DEVELOPMENT_TEAM = 2BTZ8XDDPY;
				ENABLE_PREVIEWS = YES;
				GENERATE_INFOPLIST_FILE = YES;
				"INFOPLIST_KEY_UIApplicationSceneManifest_Generation[sdk=iphoneos*]" = YES;
				"INFOPLIST_KEY_UIApplicationSceneManifest_Generation[sdk=iphonesimulator*]" = YES;
				"INFOPLIST_KEY_UIApplicationSupportsIndirectInputEvents[sdk=iphoneos*]" = YES;
				"INFOPLIST_KEY_UIApplicationSupportsIndirectInputEvents[sdk=iphonesimulator*]" = YES;
				"INFOPLIST_KEY_UILaunchScreen_Generation[sdk=iphoneos*]" = YES;
				"INFOPLIST_KEY_UILaunchScreen_Generation[sdk=iphonesimulator*]" = YES;
				"INFOPLIST_KEY_UIStatusBarStyle[sdk=iphoneos*]" = UIStatusBarStyleDefault;
				"INFOPLIST_KEY_UIStatusBarStyle[sdk=iphonesimulator*]" = UIStatusBarStyleDefault;
				INFOPLIST_KEY_UISupportedInterfaceOrientations_iPad = "UIInterfaceOrientationPortrait UIInterfaceOrientationPortraitUpsideDown UIInterfaceOrientationLandscapeLeft UIInterfaceOrientationLandscapeRight";
				INFOPLIST_KEY_UISupportedInterfaceOrientations_iPhone = "UIInterfaceOrientationPortrait UIInterfaceOrientationLandscapeLeft UIInterfaceOrientationLandscapeRight";
				IPHONEOS_DEPLOYMENT_TARGET = 17.4;
				LD_RUNPATH_SEARCH_PATHS = "@executable_path/Frameworks";
				"LD_RUNPATH_SEARCH_PATHS[sdk=macosx*]" = "@executable_path/../Frameworks";
				MACOSX_DEPLOYMENT_TARGET = 14.4;
				MARKETING_VERSION = 1.0;
				PRODUCT_BUNDLE_IDENTIFIER = acm.PhraseOfTheDay;
				PRODUCT_NAME = "$(TARGET_NAME)";
				SDKROOT = auto;
				SUPPORTED_PLATFORMS = "iphoneos iphonesimulator macosx";
				SWIFT_EMIT_LOC_STRINGS = YES;
				SWIFT_VERSION = 5.0;
				TARGETED_DEVICE_FAMILY = "1,2";
			};
			name = Debug;
		};
		179F60D92C9DA12F00BC771D /* Release */ = {
			isa = XCBuildConfiguration;
			buildSettings = {
				ASSETCATALOG_COMPILER_APPICON_NAME = AppIcon;
				ASSETCATALOG_COMPILER_GLOBAL_ACCENT_COLOR_NAME = AccentColor;
				CODE_SIGN_ENTITLEMENTS = PhraseOfTheDay/PhraseOfTheDay.entitlements;
				CODE_SIGN_STYLE = Automatic;
				CURRENT_PROJECT_VERSION = 1;
				DEVELOPMENT_ASSET_PATHS = "\"PhraseOfTheDay/Preview Content\"";
				DEVELOPMENT_TEAM = 2BTZ8XDDPY;
				ENABLE_PREVIEWS = YES;
				GENERATE_INFOPLIST_FILE = YES;
				"INFOPLIST_KEY_UIApplicationSceneManifest_Generation[sdk=iphoneos*]" = YES;
				"INFOPLIST_KEY_UIApplicationSceneManifest_Generation[sdk=iphonesimulator*]" = YES;
				"INFOPLIST_KEY_UIApplicationSupportsIndirectInputEvents[sdk=iphoneos*]" = YES;
				"INFOPLIST_KEY_UIApplicationSupportsIndirectInputEvents[sdk=iphonesimulator*]" = YES;
				"INFOPLIST_KEY_UILaunchScreen_Generation[sdk=iphoneos*]" = YES;
				"INFOPLIST_KEY_UILaunchScreen_Generation[sdk=iphonesimulator*]" = YES;
				"INFOPLIST_KEY_UIStatusBarStyle[sdk=iphoneos*]" = UIStatusBarStyleDefault;
				"INFOPLIST_KEY_UIStatusBarStyle[sdk=iphonesimulator*]" = UIStatusBarStyleDefault;
				INFOPLIST_KEY_UISupportedInterfaceOrientations_iPad = "UIInterfaceOrientationPortrait UIInterfaceOrientationPortraitUpsideDown UIInterfaceOrientationLandscapeLeft UIInterfaceOrientationLandscapeRight";
				INFOPLIST_KEY_UISupportedInterfaceOrientations_iPhone = "UIInterfaceOrientationPortrait UIInterfaceOrientationLandscapeLeft UIInterfaceOrientationLandscapeRight";
				IPHONEOS_DEPLOYMENT_TARGET = 17.4;
				LD_RUNPATH_SEARCH_PATHS = "@executable_path/Frameworks";
				"LD_RUNPATH_SEARCH_PATHS[sdk=macosx*]" = "@executable_path/../Frameworks";
				MACOSX_DEPLOYMENT_TARGET = 14.4;
				MARKETING_VERSION = 1.0;
				PRODUCT_BUNDLE_IDENTIFIER = acm.PhraseOfTheDay;
				PRODUCT_NAME = "$(TARGET_NAME)";
				SDKROOT = auto;
				SUPPORTED_PLATFORMS = "iphoneos iphonesimulator macosx";
				SWIFT_EMIT_LOC_STRINGS = YES;
				SWIFT_VERSION = 5.0;
				TARGETED_DEVICE_FAMILY = "1,2";
			};
			name = Release;
		};
		179F60DB2C9DA12F00BC771D /* Debug */ = {
			isa = XCBuildConfiguration;
			buildSettings = {
				ALWAYS_EMBED_SWIFT_STANDARD_LIBRARIES = YES;
				BUNDLE_LOADER = "$(TEST_HOST)";
				CODE_SIGN_STYLE = Automatic;
				CURRENT_PROJECT_VERSION = 1;
				GENERATE_INFOPLIST_FILE = YES;
				IPHONEOS_DEPLOYMENT_TARGET = 17.4;
				MACOSX_DEPLOYMENT_TARGET = 14.4;
				MARKETING_VERSION = 1.0;
				PRODUCT_BUNDLE_IDENTIFIER = acm.PhraseOfTheDayTests;
				PRODUCT_NAME = "$(TARGET_NAME)";
				SDKROOT = auto;
				SUPPORTED_PLATFORMS = "iphoneos iphonesimulator macosx";
				SWIFT_EMIT_LOC_STRINGS = NO;
				SWIFT_VERSION = 5.0;
				TARGETED_DEVICE_FAMILY = "1,2";
				TEST_HOST = "$(BUILT_PRODUCTS_DIR)/PhraseOfTheDay.app/$(BUNDLE_EXECUTABLE_FOLDER_PATH)/PhraseOfTheDay";
			};
			name = Debug;
		};
		179F60DC2C9DA12F00BC771D /* Release */ = {
			isa = XCBuildConfiguration;
			buildSettings = {
				ALWAYS_EMBED_SWIFT_STANDARD_LIBRARIES = YES;
				BUNDLE_LOADER = "$(TEST_HOST)";
				CODE_SIGN_STYLE = Automatic;
				CURRENT_PROJECT_VERSION = 1;
				GENERATE_INFOPLIST_FILE = YES;
				IPHONEOS_DEPLOYMENT_TARGET = 17.4;
				MACOSX_DEPLOYMENT_TARGET = 14.4;
				MARKETING_VERSION = 1.0;
				PRODUCT_BUNDLE_IDENTIFIER = acm.PhraseOfTheDayTests;
				PRODUCT_NAME = "$(TARGET_NAME)";
				SDKROOT = auto;
				SUPPORTED_PLATFORMS = "iphoneos iphonesimulator macosx";
				SWIFT_EMIT_LOC_STRINGS = NO;
				SWIFT_VERSION = 5.0;
				TARGETED_DEVICE_FAMILY = "1,2";
				TEST_HOST = "$(BUILT_PRODUCTS_DIR)/PhraseOfTheDay.app/$(BUNDLE_EXECUTABLE_FOLDER_PATH)/PhraseOfTheDay";
			};
			name = Release;
		};
		179F60DE2C9DA12F00BC771D /* Debug */ = {
			isa = XCBuildConfiguration;
			buildSettings = {
				ALWAYS_EMBED_SWIFT_STANDARD_LIBRARIES = YES;
				"CODE_SIGN_IDENTITY[sdk=macosx*]" = "-";
				CODE_SIGN_STYLE = Automatic;
				CURRENT_PROJECT_VERSION = 1;
				GENERATE_INFOPLIST_FILE = YES;
				IPHONEOS_DEPLOYMENT_TARGET = 17.4;
				MACOSX_DEPLOYMENT_TARGET = 14.4;
				MARKETING_VERSION = 1.0;
				PRODUCT_BUNDLE_IDENTIFIER = acm.PhraseOfTheDayUITests;
				PRODUCT_NAME = "$(TARGET_NAME)";
				SDKROOT = auto;
				SUPPORTED_PLATFORMS = "iphoneos iphonesimulator macosx";
				SWIFT_EMIT_LOC_STRINGS = NO;
				SWIFT_VERSION = 5.0;
				TARGETED_DEVICE_FAMILY = "1,2";
				TEST_TARGET_NAME = PhraseOfTheDay;
			};
			name = Debug;
		};
		179F60DF2C9DA12F00BC771D /* Release */ = {
			isa = XCBuildConfiguration;
			buildSettings = {
				ALWAYS_EMBED_SWIFT_STANDARD_LIBRARIES = YES;
				"CODE_SIGN_IDENTITY[sdk=macosx*]" = "-";
				CODE_SIGN_STYLE = Automatic;
				CURRENT_PROJECT_VERSION = 1;
				GENERATE_INFOPLIST_FILE = YES;
				IPHONEOS_DEPLOYMENT_TARGET = 17.4;
				MACOSX_DEPLOYMENT_TARGET = 14.4;
				MARKETING_VERSION = 1.0;
				PRODUCT_BUNDLE_IDENTIFIER = acm.PhraseOfTheDayUITests;
				PRODUCT_NAME = "$(TARGET_NAME)";
				SDKROOT = auto;
				SUPPORTED_PLATFORMS = "iphoneos iphonesimulator macosx";
				SWIFT_EMIT_LOC_STRINGS = NO;
				SWIFT_VERSION = 5.0;
				TARGETED_DEVICE_FAMILY = "1,2";
				TEST_TARGET_NAME = PhraseOfTheDay;
			};
			name = Release;
		};
/* End XCBuildConfiguration section */

/* Begin XCConfigurationList section */
		179F60AD2C9DA12E00BC771D /* Build configuration list for PBXProject "PhraseOfTheDay" */ = {
			isa = XCConfigurationList;
			buildConfigurations = (
				179F60D52C9DA12F00BC771D /* Debug */,
				179F60D62C9DA12F00BC771D /* Release */,
			);
			defaultConfigurationIsVisible = 0;
			defaultConfigurationName = Release;
		};
		179F60D72C9DA12F00BC771D /* Build configuration list for PBXNativeTarget "PhraseOfTheDay" */ = {
			isa = XCConfigurationList;
			buildConfigurations = (
				179F60D82C9DA12F00BC771D /* Debug */,
				179F60D92C9DA12F00BC771D /* Release */,
			);
			defaultConfigurationIsVisible = 0;
			defaultConfigurationName = Release;
		};
		179F60DA2C9DA12F00BC771D /* Build configuration list for PBXNativeTarget "PhraseOfTheDayTests" */ = {
			isa = XCConfigurationList;
			buildConfigurations = (
				179F60DB2C9DA12F00BC771D /* Debug */,
				179F60DC2C9DA12F00BC771D /* Release */,
			);
			defaultConfigurationIsVisible = 0;
			defaultConfigurationName = Release;
		};
		179F60DD2C9DA12F00BC771D /* Build configuration list for PBXNativeTarget "PhraseOfTheDayUITests" */ = {
			isa = XCConfigurationList;
			buildConfigurations = (
				179F60DE2C9DA12F00BC771D /* Debug */,
				179F60DF2C9DA12F00BC771D /* Release */,
			);
			defaultConfigurationIsVisible = 0;
			defaultConfigurationName = Release;
		};
/* End XCConfigurationList section */
	};
	rootObject = 179F60AA2C9DA12E00BC771D /* Project object */;
}
